
Microsoft Visual Studio Solution File, Format Version 12.00
# Visual Studio Version 17
VisualStudioVersion = 17.4.33205.214
MinimumVisualStudioVersion = 10.0.40219.1
Project("{FAE04EC0-301F-11D3-BF4B-00C04F79EFBC}") = "XOProject", "XOProject.csproj", "{9C8754E5-81EB-4C41-B5DC-ED882216EBCA}"
EndProject
Global
	GlobalSection(SolutionConfigurationPlatforms) = preSolution
		Debug|Any CPU = Debug|Any CPU
		Release|Any CPU = Release|Any CPU
	EndGlobalSection
	GlobalSection(ProjectConfigurationPlatforms) = postSolution
		{9C8754E5-81EB-4C41-B5DC-ED882216EBCA}.Debug|Any CPU.ActiveCfg = Debug|Any CPU
		{9C8754E5-81EB-4C41-B5DC-ED882216EBCA}.Debug|Any CPU.Build.0 = Debug|Any CPU
		{9C8754E5-81EB-4C41-B5DC-ED882216EBCA}.Release|Any CPU.ActiveCfg = Release|Any CPU
		{9C8754E5-81EB-4C41-B5DC-ED882216EBCA}.Release|Any CPU.Build.0 = Release|Any CPU
	EndGlobalSection
	GlobalSection(SolutionProperties) = preSolution
		HideSolutionNode = FALSE
	EndGlobalSection
	GlobalSection(ExtensibilityGlobals) = postSolution
		SolutionGuid = {EC648412-3EB9-4A1C-A989-F3DBF6D89C64}
	EndGlobalSection
EndGlobal
